github.com/golang-jwt/jwt/v4 v4.4.1 h1:pC5DB52sCeK48Wlb9oPcdhnjkz1TKt1D/P7WKJ0kUcQ=
github.com/golang-jwt/jwt/v4 v4.4.1/go.mod h1:m21LjoU+eqJr34lmDMbreY2eSTRJ1cv77w39/MY0Ch0=
github.com/yyamanoi1222/go_workspace_example/modules/auth v0.0.0-20220614144805-79e51bb9d24d h1:w9DJo7Gh3Fa5zaox2q/tCMlgAcHdKYX/ebQqlM5/ugI=
github.com/yyamanoi1222/go_workspace_example/modules/auth v0.0.0-20220614144805-79e51bb9d24d/go.mod h1:FWRF++u0QpBYMuR0ndJCr53iD5/wQuOViNs3dACsb4A=
github.com/yyamanoi1222/go_workspace_example/modules/auth v0.0.0-20220614152049-a45d1a957402 h1:+wg7ky4jtxw++oJ1h34ox61CCamzHNRAKBS3OQMge4s=
github.com/yyamanoi1222/go_workspace_example/modules/auth v0.0.0-20220614152049-a45d1a957402/go.mod h1:4sTj/yAwYB5xcqixZwD+g7+K9DoSShyl0zxRwuBmvFA=
github.com/yyamanoi1222/go_workspace_example/modules/user v0.0.0-20220614144805-79e51bb9d24d h1:Fvq8miTf5kWDFcr/nhOPNzudOSUPS/HEi9eYv+I4Mlc=
github.com/yyamanoi1222/go_workspace_example/modules/user v0.0.0-20220614144805-79e51bb9d24d/go.mod h1:6gCAdZBzRb66yq0zPadw0xzkitQN6a+dOyhnjVeaBLk=
